
Microsoft Visual Studio Solution File, Format Version 12.00
# Visual Studio Version 17
VisualStudioVersion = 17.0.32126.317
MinimumVisualStudioVersion = 10.0.40219.1
Project("{9A19103F-16F7-4668-BE54-9A1E7A4F7556}") = "ConsolesReRun", "ConsolesReRun.csproj", "{1B3273A6-1A6A-4969-B869-96A5E55623C4}"
EndProject
Global
	GlobalSection(SolutionConfigurationPlatforms) = preSolution
		Debug|Any CPU = Debug|Any CPU
		Debug|x64 = Debug|x64
		Release|Any CPU = Release|Any CPU
		Release|x64 = Release|x64
	EndGlobalSection
	GlobalSection(ProjectConfigurationPlatforms) = postSolution
		{1B3273A6-1A6A-4969-B869-96A5E55623C4}.Debug|Any CPU.ActiveCfg = Debug|Any CPU
		{1B3273A6-1A6A-4969-B869-96A5E55623C4}.Debug|Any CPU.Build.0 = Debug|Any CPU
		{1B3273A6-1A6A-4969-B869-96A5E55623C4}.Debug|x64.ActiveCfg = Debug|x64
		{1B3273A6-1A6A-4969-B869-96A5E55623C4}.Debug|x64.Build.0 = Debug|x64
		{1B3273A6-1A6A-4969-B869-96A5E55623C4}.Release|Any CPU.ActiveCfg = Release|Any CPU
		{1B3273A6-1A6A-4969-B869-96A5E55623C4}.Release|Any CPU.Build.0 = Release|Any CPU
		{1B3273A6-1A6A-4969-B869-96A5E55623C4}.Release|x64.ActiveCfg = Release|x64
		{1B3273A6-1A6A-4969-B869-96A5E55623C4}.Release|x64.Build.0 = Release|x64
	EndGlobalSection
	GlobalSection(SolutionProperties) = preSolution
		HideSolutionNode = FALSE
	EndGlobalSection
	GlobalSection(ExtensibilityGlobals) = postSolution
		SolutionGuid = {F2D7881D-43B4-4611-BF3D-7F226E76A262}
	EndGlobalSection
	GlobalSection(TeamFoundationVersionControl) = preSolution
		SccNumberOfProjects = 2
		SccEnterpriseProvider = {4CA58AB2-18FA-4F8D-95D4-32DDF27D184C}
		SccTeamFoundationServer = https://dev.azure.com/goldbond
		SccLocalPath0 = .
		SccProjectUniqueName1 = ConsolesReRun.csproj
		SccLocalPath1 = .
	EndGlobalSection
EndGlobal
